
Microsoft Visual Studio Solution File, Format Version 12.00
# Visual Studio Version 17
VisualStudioVersion = 17.3.32929.385
MinimumVisualStudioVersion = 10.0.40219.1
Project("{FAE04EC0-301F-11D3-BF4B-00C04F79EFBC}") = "Homework2.Server", "Server\Homework2.Server.csproj", "{AB707324-F09E-4B30-9263-D2A12635BF02}"
EndProject
Project("{FAE04EC0-301F-11D3-BF4B-00C04F79EFBC}") = "Homework2.Client", "Client\Homework2.Client.csproj", "{AD1775DE-78C4-46D3-89F2-66E64CBF1067}"
EndProject
Project("{FAE04EC0-301F-11D3-BF4B-00C04F79EFBC}") = "Homework2.Shared", "Shared\Homework2.Shared.csproj", "{11B603BF-03C3-4ED4-ADAE-8D8E96A4171D}"
EndProject
Global
	GlobalSection(SolutionConfigurationPlatforms) = preSolution
		Debug|Any CPU = Debug|Any CPU
		Release|Any CPU = Release|Any CPU
	EndGlobalSection
	GlobalSection(ProjectConfigurationPlatforms) = postSolution
		{AB707324-F09E-4B30-9263-D2A12635BF02}.Debug|Any CPU.ActiveCfg = Debug|Any CPU
		{AB707324-F09E-4B30-9263-D2A12635BF02}.Debug|Any CPU.Build.0 = Debug|Any CPU
		{AB707324-F09E-4B30-9263-D2A12635BF02}.Release|Any CPU.ActiveCfg = Release|Any CPU
		{AB707324-F09E-4B30-9263-D2A12635BF02}.Release|Any CPU.Build.0 = Release|Any CPU
		{AD1775DE-78C4-46D3-89F2-66E64CBF1067}.Debug|Any CPU.ActiveCfg = Debug|Any CPU
		{AD1775DE-78C4-46D3-89F2-66E64CBF1067}.Debug|Any CPU.Build.0 = Debug|Any CPU
		{AD1775DE-78C4-46D3-89F2-66E64CBF1067}.Release|Any CPU.ActiveCfg = Release|Any CPU
		{AD1775DE-78C4-46D3-89F2-66E64CBF1067}.Release|Any CPU.Build.0 = Release|Any CPU
		{11B603BF-03C3-4ED4-ADAE-8D8E96A4171D}.Debug|Any CPU.ActiveCfg = Debug|Any CPU
		{11B603BF-03C3-4ED4-ADAE-8D8E96A4171D}.Debug|Any CPU.Build.0 = Debug|Any CPU
		{11B603BF-03C3-4ED4-ADAE-8D8E96A4171D}.Release|Any CPU.ActiveCfg = Release|Any CPU
		{11B603BF-03C3-4ED4-ADAE-8D8E96A4171D}.Release|Any CPU.Build.0 = Release|Any CPU
	EndGlobalSection
	GlobalSection(SolutionProperties) = preSolution
		HideSolutionNode = FALSE
	EndGlobalSection
	GlobalSection(ExtensibilityGlobals) = postSolution
		SolutionGuid = {C8C7BB13-CD88-4280-A1B2-823C2D8BE913}
	EndGlobalSection
EndGlobal
